
Microsoft Visual Studio Solution File, Format Version 12.00
# Visual Studio 15
VisualStudioVersion = 15.0.28307.329
MinimumVisualStudioVersion = 10.0.40219.1
Project("{FAE04EC0-301F-11D3-BF4B-00C04F79EFBC}") = "ExplainingEveryString", "ExplainingEveryString\ExplainingEveryString.csproj", "{3A60ECD8-33B2-45A3-AAA8-136B76514954}"
EndProject
Project("{FAE04EC0-301F-11D3-BF4B-00C04F79EFBC}") = "ExplainingEveryString.Core", "ExplainingEveryString.Core\ExplainingEveryString.Core.csproj", "{C033F4F6-87D8-406F-B2B9-855B06D1A417}"
EndProject
Project("{FAE04EC0-301F-11D3-BF4B-00C04F79EFBC}") = "ExplainingEveryString.Core.Tests", "ExplainingEveryString.Core.Tests\ExplainingEveryString.Core.Tests.csproj", "{99731D96-7455-4294-B29B-9B8AAD098057}"
EndProject
Global
	GlobalSection(SolutionConfigurationPlatforms) = preSolution
		Debug|Any CPU = Debug|Any CPU
		Release|Any CPU = Release|Any CPU
	EndGlobalSection
	GlobalSection(ProjectConfigurationPlatforms) = postSolution
		{3A60ECD8-33B2-45A3-AAA8-136B76514954}.Debug|Any CPU.ActiveCfg = Debug|Any CPU
		{3A60ECD8-33B2-45A3-AAA8-136B76514954}.Debug|Any CPU.Build.0 = Debug|Any CPU
		{3A60ECD8-33B2-45A3-AAA8-136B76514954}.Release|Any CPU.ActiveCfg = Release|Any CPU
		{3A60ECD8-33B2-45A3-AAA8-136B76514954}.Release|Any CPU.Build.0 = Release|Any CPU
		{C033F4F6-87D8-406F-B2B9-855B06D1A417}.Debug|Any CPU.ActiveCfg = Debug|Any CPU
		{C033F4F6-87D8-406F-B2B9-855B06D1A417}.Debug|Any CPU.Build.0 = Debug|Any CPU
		{C033F4F6-87D8-406F-B2B9-855B06D1A417}.Release|Any CPU.ActiveCfg = Release|Any CPU
		{C033F4F6-87D8-406F-B2B9-855B06D1A417}.Release|Any CPU.Build.0 = Release|Any CPU
		{99731D96-7455-4294-B29B-9B8AAD098057}.Debug|Any CPU.ActiveCfg = Debug|Any CPU
		{99731D96-7455-4294-B29B-9B8AAD098057}.Debug|Any CPU.Build.0 = Debug|Any CPU
		{99731D96-7455-4294-B29B-9B8AAD098057}.Release|Any CPU.ActiveCfg = Release|Any CPU
		{99731D96-7455-4294-B29B-9B8AAD098057}.Release|Any CPU.Build.0 = Release|Any CPU
	EndGlobalSection
	GlobalSection(SolutionProperties) = preSolution
		HideSolutionNode = FALSE
	EndGlobalSection
	GlobalSection(ExtensibilityGlobals) = postSolution
		SolutionGuid = {92B08BF1-FD8F-41B7-85F5-344D38F58F4D}
	EndGlobalSection
EndGlobal
