
Microsoft Visual Studio Solution File, Format Version 12.00
# Visual Studio Version 17
VisualStudioVersion = 17.0.31912.275
MinimumVisualStudioVersion = 10.0.40219.1
Project("{9A19103F-16F7-4668-BE54-9A1E7A4F7556}") = "ExplainingEveryString", "ExplainingEveryString\ExplainingEveryString.csproj", "{3A60ECD8-33B2-45A3-AAA8-136B76514954}"
	ProjectSection(ProjectDependencies) = postProject
		{99731D96-7455-4294-B29B-9B8AAD098057} = {99731D96-7455-4294-B29B-9B8AAD098057}
	EndProjectSection
EndProject
Project("{9A19103F-16F7-4668-BE54-9A1E7A4F7556}") = "ExplainingEveryString.Core", "ExplainingEveryString.Core\ExplainingEveryString.Core.csproj", "{C033F4F6-87D8-406F-B2B9-855B06D1A417}"
EndProject
Project("{9A19103F-16F7-4668-BE54-9A1E7A4F7556}") = "ExplainingEveryString.Core.Tests", "ExplainingEveryString.Core.Tests\ExplainingEveryString.Core.Tests.csproj", "{99731D96-7455-4294-B29B-9B8AAD098057}"
EndProject
Project("{9A19103F-16F7-4668-BE54-9A1E7A4F7556}") = "ExplainingEveryString.Data", "ExplainingEveryString.Data\ExplainingEveryString.Data.csproj", "{9B320FDE-6C59-45F9-9DC1-DCAFCCCA63CE}"
EndProject
Project("{9A19103F-16F7-4668-BE54-9A1E7A4F7556}") = "ExplainingEveryString.Music", "ExplainingEveryString.Music\ExplainingEveryString.Music.csproj", "{1B5E024F-A5B0-4C68-BB3C-C3CB455D4945}"
EndProject
Project("{9A19103F-16F7-4668-BE54-9A1E7A4F7556}") = "ExplainingEveryString.Editor", "ExplainingEveryString.Editor\ExplainingEveryString.Editor.csproj", "{AC039BF5-95D1-4791-B556-FD6EBDD1FE67}"
EndProject
Project("{2150E333-8FDC-42A3-9474-1A3956D46DE8}") = "Solution Items", "Solution Items", "{69999822-705E-42F4-B51E-CA573D1A1691}"
	ProjectSection(SolutionItems) = preProject
		.editorconfig = .editorconfig
	EndProjectSection
EndProject
Global
	GlobalSection(SolutionConfigurationPlatforms) = preSolution
		Debug|Any CPU = Debug|Any CPU
		Release|Any CPU = Release|Any CPU
	EndGlobalSection
	GlobalSection(ProjectConfigurationPlatforms) = postSolution
		{3A60ECD8-33B2-45A3-AAA8-136B76514954}.Debug|Any CPU.ActiveCfg = Debug|Any CPU
		{3A60ECD8-33B2-45A3-AAA8-136B76514954}.Debug|Any CPU.Build.0 = Debug|Any CPU
		{3A60ECD8-33B2-45A3-AAA8-136B76514954}.Release|Any CPU.ActiveCfg = Release|Any CPU
		{3A60ECD8-33B2-45A3-AAA8-136B76514954}.Release|Any CPU.Build.0 = Release|Any CPU
		{C033F4F6-87D8-406F-B2B9-855B06D1A417}.Debug|Any CPU.ActiveCfg = Debug|Any CPU
		{C033F4F6-87D8-406F-B2B9-855B06D1A417}.Debug|Any CPU.Build.0 = Debug|Any CPU
		{C033F4F6-87D8-406F-B2B9-855B06D1A417}.Release|Any CPU.ActiveCfg = Release|Any CPU
		{C033F4F6-87D8-406F-B2B9-855B06D1A417}.Release|Any CPU.Build.0 = Release|Any CPU
		{99731D96-7455-4294-B29B-9B8AAD098057}.Debug|Any CPU.ActiveCfg = Debug|Any CPU
		{99731D96-7455-4294-B29B-9B8AAD098057}.Debug|Any CPU.Build.0 = Debug|Any CPU
		{99731D96-7455-4294-B29B-9B8AAD098057}.Release|Any CPU.ActiveCfg = Release|Any CPU
		{99731D96-7455-4294-B29B-9B8AAD098057}.Release|Any CPU.Build.0 = Release|Any CPU
		{9B320FDE-6C59-45F9-9DC1-DCAFCCCA63CE}.Debug|Any CPU.ActiveCfg = Debug|Any CPU
		{9B320FDE-6C59-45F9-9DC1-DCAFCCCA63CE}.Debug|Any CPU.Build.0 = Debug|Any CPU
		{9B320FDE-6C59-45F9-9DC1-DCAFCCCA63CE}.Release|Any CPU.ActiveCfg = Release|Any CPU
		{9B320FDE-6C59-45F9-9DC1-DCAFCCCA63CE}.Release|Any CPU.Build.0 = Release|Any CPU
		{1B5E024F-A5B0-4C68-BB3C-C3CB455D4945}.Debug|Any CPU.ActiveCfg = Debug|Any CPU
		{1B5E024F-A5B0-4C68-BB3C-C3CB455D4945}.Debug|Any CPU.Build.0 = Debug|Any CPU
		{1B5E024F-A5B0-4C68-BB3C-C3CB455D4945}.Release|Any CPU.ActiveCfg = Release|Any CPU
		{1B5E024F-A5B0-4C68-BB3C-C3CB455D4945}.Release|Any CPU.Build.0 = Release|Any CPU
		{AC039BF5-95D1-4791-B556-FD6EBDD1FE67}.Debug|Any CPU.ActiveCfg = Debug|Any CPU
		{AC039BF5-95D1-4791-B556-FD6EBDD1FE67}.Debug|Any CPU.Build.0 = Debug|Any CPU
		{AC039BF5-95D1-4791-B556-FD6EBDD1FE67}.Release|Any CPU.ActiveCfg = Release|Any CPU
		{AC039BF5-95D1-4791-B556-FD6EBDD1FE67}.Release|Any CPU.Build.0 = Release|Any CPU
	EndGlobalSection
	GlobalSection(SolutionProperties) = preSolution
		HideSolutionNode = FALSE
	EndGlobalSection
	GlobalSection(ExtensibilityGlobals) = postSolution
		SolutionGuid = {92B08BF1-FD8F-41B7-85F5-344D38F58F4D}
	EndGlobalSection
EndGlobal
